
Microsoft Visual Studio Solution File, Format Version 12.00
# Visual Studio Version 17
VisualStudioVersion = 17.0.31903.59
MinimumVisualStudioVersion = 10.0.40219.1
Project("{2150E333-8FDC-42A3-9474-1A3956D46DE8}") = "src", "src", "{827E0CD3-B72D-47B6-A68D-7590B98EB39B}"
EndProject
Project("{FAE04EC0-301F-11D3-BF4B-00C04F79EFBC}") = "SICOE.Domain", "src\SICOE.Domain\SICOE.Domain.csproj", "{CE124950-7D83-4A76-B089-180777A28C8E}"
EndProject
Project("{FAE04EC0-301F-11D3-BF4B-00C04F79EFBC}") = "SICOE.Application", "src\SICOE.Application\SICOE.Application.csproj", "{4AB98A09-4B44-4A77-B4CB-BE4A810D8157}"
EndProject
Project("{FAE04EC0-301F-11D3-BF4B-00C04F79EFBC}") = "SICOE.Infrastructure", "src\SICOE.Infrastructure\SICOE.Infrastructure.csproj", "{86BC69A5-98BB-4D9E-9C3F-D2813B277177}"
EndProject
Project("{FAE04EC0-301F-11D3-BF4B-00C04F79EFBC}") = "SICOE.API", "src\SICOE.API\SICOE.API.csproj", "{86CAA2E4-F175-4CAB-A1C1-99030BF01174}"
EndProject
Project("{FAE04EC0-301F-11D3-BF4B-00C04F79EFBC}") = "SICOE.Razor", "src\SICOE.Razor\SICOE.Razor.csproj", "{D544BF6F-A1FA-4DC3-825A-004FDBD9E0EE}"
EndProject
Global
	GlobalSection(SolutionConfigurationPlatforms) = preSolution
		Debug|Any CPU = Debug|Any CPU
		Debug|x64 = Debug|x64
		Debug|x86 = Debug|x86
		Release|Any CPU = Release|Any CPU
		Release|x64 = Release|x64
		Release|x86 = Release|x86
	EndGlobalSection
	GlobalSection(ProjectConfigurationPlatforms) = postSolution
		{CE124950-7D83-4A76-B089-180777A28C8E}.Debug|Any CPU.ActiveCfg = Debug|Any CPU
		{CE124950-7D83-4A76-B089-180777A28C8E}.Debug|Any CPU.Build.0 = Debug|Any CPU
		{CE124950-7D83-4A76-B089-180777A28C8E}.Debug|x64.ActiveCfg = Debug|Any CPU
		{CE124950-7D83-4A76-B089-180777A28C8E}.Debug|x64.Build.0 = Debug|Any CPU
		{CE124950-7D83-4A76-B089-180777A28C8E}.Debug|x86.ActiveCfg = Debug|Any CPU
		{CE124950-7D83-4A76-B089-180777A28C8E}.Debug|x86.Build.0 = Debug|Any CPU
		{CE124950-7D83-4A76-B089-180777A28C8E}.Release|Any CPU.ActiveCfg = Release|Any CPU
		{CE124950-7D83-4A76-B089-180777A28C8E}.Release|Any CPU.Build.0 = Release|Any CPU
		{CE124950-7D83-4A76-B089-180777A28C8E}.Release|x64.ActiveCfg = Release|Any CPU
		{CE124950-7D83-4A76-B089-180777A28C8E}.Release|x64.Build.0 = Release|Any CPU
		{CE124950-7D83-4A76-B089-180777A28C8E}.Release|x86.ActiveCfg = Release|Any CPU
		{CE124950-7D83-4A76-B089-180777A28C8E}.Release|x86.Build.0 = Release|Any CPU
		{4AB98A09-4B44-4A77-B4CB-BE4A810D8157}.Debug|Any CPU.ActiveCfg = Debug|Any CPU
		{4AB98A09-4B44-4A77-B4CB-BE4A810D8157}.Debug|Any CPU.Build.0 = Debug|Any CPU
		{4AB98A09-4B44-4A77-B4CB-BE4A810D8157}.Debug|x64.ActiveCfg = Debug|Any CPU
		{4AB98A09-4B44-4A77-B4CB-BE4A810D8157}.Debug|x64.Build.0 = Debug|Any CPU
		{4AB98A09-4B44-4A77-B4CB-BE4A810D8157}.Debug|x86.ActiveCfg = Debug|Any CPU
		{4AB98A09-4B44-4A77-B4CB-BE4A810D8157}.Debug|x86.Build.0 = Debug|Any CPU
		{4AB98A09-4B44-4A77-B4CB-BE4A810D8157}.Release|Any CPU.ActiveCfg = Release|Any CPU
		{4AB98A09-4B44-4A77-B4CB-BE4A810D8157}.Release|Any CPU.Build.0 = Release|Any CPU
		{4AB98A09-4B44-4A77-B4CB-BE4A810D8157}.Release|x64.ActiveCfg = Release|Any CPU
		{4AB98A09-4B44-4A77-B4CB-BE4A810D8157}.Release|x64.Build.0 = Release|Any CPU
		{4AB98A09-4B44-4A77-B4CB-BE4A810D8157}.Release|x86.ActiveCfg = Release|Any CPU
		{4AB98A09-4B44-4A77-B4CB-BE4A810D8157}.Release|x86.Build.0 = Release|Any CPU
		{86BC69A5-98BB-4D9E-9C3F-D2813B277177}.Debug|Any CPU.ActiveCfg = Debug|Any CPU
		{86BC69A5-98BB-4D9E-9C3F-D2813B277177}.Debug|Any CPU.Build.0 = Debug|Any CPU
		{86BC69A5-98BB-4D9E-9C3F-D2813B277177}.Debug|x64.ActiveCfg = Debug|Any CPU
		{86BC69A5-98BB-4D9E-9C3F-D2813B277177}.Debug|x64.Build.0 = Debug|Any CPU
		{86BC69A5-98BB-4D9E-9C3F-D2813B277177}.Debug|x86.ActiveCfg = Debug|Any CPU
		{86BC69A5-98BB-4D9E-9C3F-D2813B277177}.Debug|x86.Build.0 = Debug|Any CPU
		{86BC69A5-98BB-4D9E-9C3F-D2813B277177}.Release|Any CPU.ActiveCfg = Release|Any CPU
		{86BC69A5-98BB-4D9E-9C3F-D2813B277177}.Release|Any CPU.Build.0 = Release|Any CPU
		{86BC69A5-98BB-4D9E-9C3F-D2813B277177}.Release|x64.ActiveCfg = Release|Any CPU
		{86BC69A5-98BB-4D9E-9C3F-D2813B277177}.Release|x64.Build.0 = Release|Any CPU
		{86BC69A5-98BB-4D9E-9C3F-D2813B277177}.Release|x86.ActiveCfg = Release|Any CPU
		{86BC69A5-98BB-4D9E-9C3F-D2813B277177}.Release|x86.Build.0 = Release|Any CPU
		{86CAA2E4-F175-4CAB-A1C1-99030BF01174}.Debug|Any CPU.ActiveCfg = Debug|Any CPU
		{86CAA2E4-F175-4CAB-A1C1-99030BF01174}.Debug|Any CPU.Build.0 = Debug|Any CPU
		{86CAA2E4-F175-4CAB-A1C1-99030BF01174}.Debug|x64.ActiveCfg = Debug|Any CPU
		{86CAA2E4-F175-4CAB-A1C1-99030BF01174}.Debug|x64.Build.0 = Debug|Any CPU
		{86CAA2E4-F175-4CAB-A1C1-99030BF01174}.Debug|x86.ActiveCfg = Debug|Any CPU
		{86CAA2E4-F175-4CAB-A1C1-99030BF01174}.Debug|x86.Build.0 = Debug|Any CPU
		{86CAA2E4-F175-4CAB-A1C1-99030BF01174}.Release|Any CPU.ActiveCfg = Release|Any CPU
		{86CAA2E4-F175-4CAB-A1C1-99030BF01174}.Release|Any CPU.Build.0 = Release|Any CPU
		{86CAA2E4-F175-4CAB-A1C1-99030BF01174}.Release|x64.ActiveCfg = Release|Any CPU
		{86CAA2E4-F175-4CAB-A1C1-99030BF01174}.Release|x64.Build.0 = Release|Any CPU
		{86CAA2E4-F175-4CAB-A1C1-99030BF01174}.Release|x86.ActiveCfg = Release|Any CPU
		{86CAA2E4-F175-4CAB-A1C1-99030BF01174}.Release|x86.Build.0 = Release|Any CPU
		{D544BF6F-A1FA-4DC3-825A-004FDBD9E0EE}.Debug|Any CPU.ActiveCfg = Debug|Any CPU
		{D544BF6F-A1FA-4DC3-825A-004FDBD9E0EE}.Debug|Any CPU.Build.0 = Debug|Any CPU
		{D544BF6F-A1FA-4DC3-825A-004FDBD9E0EE}.Debug|x64.ActiveCfg = Debug|Any CPU
		{D544BF6F-A1FA-4DC3-825A-004FDBD9E0EE}.Debug|x64.Build.0 = Debug|Any CPU
		{D544BF6F-A1FA-4DC3-825A-004FDBD9E0EE}.Debug|x86.ActiveCfg = Debug|Any CPU
		{D544BF6F-A1FA-4DC3-825A-004FDBD9E0EE}.Debug|x86.Build.0 = Debug|Any CPU
		{D544BF6F-A1FA-4DC3-825A-004FDBD9E0EE}.Release|Any CPU.ActiveCfg = Release|Any CPU
		{D544BF6F-A1FA-4DC3-825A-004FDBD9E0EE}.Release|Any CPU.Build.0 = Release|Any CPU
		{D544BF6F-A1FA-4DC3-825A-004FDBD9E0EE}.Release|x64.ActiveCfg = Release|Any CPU
		{D544BF6F-A1FA-4DC3-825A-004FDBD9E0EE}.Release|x64.Build.0 = Release|Any CPU
		{D544BF6F-A1FA-4DC3-825A-004FDBD9E0EE}.Release|x86.ActiveCfg = Release|Any CPU
		{D544BF6F-A1FA-4DC3-825A-004FDBD9E0EE}.Release|x86.Build.0 = Release|Any CPU
	EndGlobalSection
	GlobalSection(SolutionProperties) = preSolution
		HideSolutionNode = FALSE
	EndGlobalSection
	GlobalSection(NestedProjects) = preSolution
		{CE124950-7D83-4A76-B089-180777A28C8E} = {827E0CD3-B72D-47B6-A68D-7590B98EB39B}
		{4AB98A09-4B44-4A77-B4CB-BE4A810D8157} = {827E0CD3-B72D-47B6-A68D-7590B98EB39B}
		{86BC69A5-98BB-4D9E-9C3F-D2813B277177} = {827E0CD3-B72D-47B6-A68D-7590B98EB39B}
		{86CAA2E4-F175-4CAB-A1C1-99030BF01174} = {827E0CD3-B72D-47B6-A68D-7590B98EB39B}
		{D544BF6F-A1FA-4DC3-825A-004FDBD9E0EE} = {827E0CD3-B72D-47B6-A68D-7590B98EB39B}
	EndGlobalSection
EndGlobal
